
Microsoft Visual Studio Solution File, Format Version 12.00
# Visual Studio Version 17
VisualStudioVersion = 17.8.34330.188
MinimumVisualStudioVersion = 10.0.40219.1
Project("{FAE04EC0-301F-11D3-BF4B-00C04F79EFBC}") = "StatusLCDs", "StatusLCDs\StatusLCDs.csproj", "{830F7AF6-A7C8-40EE-9DF2-CB5147484B9C}"
EndProject
Project("{2150E333-8FDC-42A3-9474-1A3956D46DE8}") = "2. Work In Progress", "2. Work In Progress", "{F2564B34-516A-4D6F-BB94-30AD7ADF84AA}"
EndProject
Project("{2150E333-8FDC-42A3-9474-1A3956D46DE8}") = "3. Finished", "3. Finished", "{C3C0E784-21DB-41D9-8CDF-BD4F0316CEAF}"
EndProject
Project("{D954291E-2A0B-460D-934E-DC6B0785DB48}") = "JSharedUtils", "JSharedUtils\JSharedUtils.shproj", "{61EBA249-19F3-48B6-A25B-A4CEE90168BA}"
EndProject
Project("{FAE04EC0-301F-11D3-BF4B-00C04F79EFBC}") = "AmmoHandler", "AmmoHandler\AmmoHandler.csproj", "{15D59CE6-EB89-4AEE-A0A9-7052AFFC9C5C}"
EndProject
Project("{FAE04EC0-301F-11D3-BF4B-00C04F79EFBC}") = "Battleships_Game", "Battleships_Game\Battleships_Game.csproj", "{80578F02-6844-4B49-A42C-9D4DF67D8802}"
EndProject
Project("{FAE04EC0-301F-11D3-BF4B-00C04F79EFBC}") = "Breakout_Game", "Breakout_Game\Breakout_Game.csproj", "{7FA2C089-E522-4098-B9BF-1A45A163C834}"
EndProject
Project("{FAE04EC0-301F-11D3-BF4B-00C04F79EFBC}") = "CountOre", "CountOre\CountOre.csproj", "{5E072221-41FC-413E-8BFF-AA70A1EC715C}"
EndProject
Project("{FAE04EC0-301F-11D3-BF4B-00C04F79EFBC}") = "DataPadHandler", "DataPadHandler\DataPadHandler.csproj", "{754253B8-C131-45EC-8914-5936E5CC198E}"
EndProject
Project("{FAE04EC0-301F-11D3-BF4B-00C04F79EFBC}") = "DismantleTools", "DismantleTools\DismantleTools.csproj", "{7CBE9629-BC7A-41D6-A34B-2BE7C83E78E7}"
EndProject
Project("{FAE04EC0-301F-11D3-BF4B-00C04F79EFBC}") = "JumpDrive", "JumpDrive\JumpDrive.csproj", "{A4B2A0A7-F659-4B18-903D-CD61BDB3DAA3}"
EndProject
Project("{FAE04EC0-301F-11D3-BF4B-00C04F79EFBC}") = "KeepBuilding", "KeepBuilding\KeepBuilding.csproj", "{CA3BEA00-B66A-4FEE-9D10-8D27A0BF44C3}"
EndProject
Project("{FAE04EC0-301F-11D3-BF4B-00C04F79EFBC}") = "MoveBottles", "MoveBottles\MoveBottles.csproj", "{FC3FA003-9A5B-47F6-A5CF-A40E21E85E8E}"
EndProject
Project("{FAE04EC0-301F-11D3-BF4B-00C04F79EFBC}") = "RenameShip", "RenameShip\RenameShip.csproj", "{609E54C0-E5B4-4EFF-8AEF-2537083B9090}"
EndProject
Project("{FAE04EC0-301F-11D3-BF4B-00C04F79EFBC}") = "ReStacker", "ReStacker\ReStacker.csproj", "{082033AC-6C5A-4976-B3E7-8C5928C64CE2}"
EndProject
Project("{FAE04EC0-301F-11D3-BF4B-00C04F79EFBC}") = "ArcadeEmulation", "ArcadeEmulation\ArcadeEmulation.csproj", "{34A873BE-CC98-486A-8AB0-147AEBC3BDAA}"
EndProject
Project("{D954291E-2A0B-460D-934E-DC6B0785DB48}") = "8080Emulator", "8080Emulator\8080Emulator.shproj", "{681A6FE3-2357-4B6B-9E57-8FE06FF72865}"
EndProject
Project("{2150E333-8FDC-42A3-9474-1A3956D46DE8}") = "1. Paused work", "1. Paused work", "{95BFA077-3B15-419D-A3EF-9CDF4BDC2C6B}"
EndProject
Project("{FAE04EC0-301F-11D3-BF4B-00C04F79EFBC}") = "ZXSpectrum", "ZXSpectrum\ZXSpectrum.csproj", "{DA7C8830-7E67-4B47-B272-849FD3106D15}"
EndProject
Project("{D954291E-2A0B-460D-934E-DC6B0785DB48}") = "Z80Emulator", "Z80Emulator\Z80Emulator.shproj", "{347B7D9D-4D7A-44B2-B798-B74529661EE5}"
EndProject
Project("{FAE04EC0-301F-11D3-BF4B-00C04F79EFBC}") = "ControllerTesting", "ControllerTesting\ControllerTesting.csproj", "{395E3849-D8BB-4226-BCF0-EEA188AD617A}"
EndProject
Project("{2150E333-8FDC-42A3-9474-1A3956D46DE8}") = "4. Ready for release", "4. Ready for release", "{45CA2169-BE61-4FFB-A389-D9E88F05920D}"
EndProject
Project("{FAE04EC0-301F-11D3-BF4B-00C04F79EFBC}") = "KeepAssemblersStocked", "KeepAssemblersStocked\KeepAssemblersStocked.csproj", "{A5ED3B58-D73D-48FA-BD9A-921188C0F931}"
EndProject
Project("{FAE04EC0-301F-11D3-BF4B-00C04F79EFBC}") = "PowerData", "PowerData\PowerData.csproj", "{3330AF42-F726-4550-A87E-0F09D8B37D9B}"
EndProject
Project("{2150E333-8FDC-42A3-9474-1A3956D46DE8}") = "Solution Items", "Solution Items", "{4AAAEA48-9E7E-4288-853F-A75B580DBADC}"
	ProjectSection(SolutionItems) = preProject
		README.md = README.md
	EndProjectSection
EndProject
Project("{8BC9CEB8-8B4A-11D0-8D11-00A0C91BC942}") = "__IN_GAME_SCRIPTS__", "__IN_GAME_SCRIPTS__\__IN_GAME_SCRIPTS__.vcxproj", "{C533FBDE-C761-47E6-8276-E27D9EF88A5E}"
EndProject
Project("{FAE04EC0-301F-11D3-BF4B-00C04F79EFBC}") = "RotatingConsole", "RotatingConsole\RotatingConsole.csproj", "{30A10D74-D9C7-4709-B88F-D8C7A015ADA4}"
EndProject
Project("{FAE04EC0-301F-11D3-BF4B-00C04F79EFBC}") = "DoorHandler", "DoorHandler\DoorHandler.csproj", "{48B82E05-AC93-4F72-BAC1-71D468675DC8}"
EndProject
Global
	GlobalSection(SolutionConfigurationPlatforms) = preSolution
		Debug|x64 = Debug|x64
		Debug|x86 = Debug|x86
		Release|x64 = Release|x64
		Release|x86 = Release|x86
	EndGlobalSection
	GlobalSection(ProjectConfigurationPlatforms) = postSolution
		{830F7AF6-A7C8-40EE-9DF2-CB5147484B9C}.Debug|x64.ActiveCfg = Debug|x64
		{830F7AF6-A7C8-40EE-9DF2-CB5147484B9C}.Debug|x64.Build.0 = Debug|x64
		{830F7AF6-A7C8-40EE-9DF2-CB5147484B9C}.Debug|x86.ActiveCfg = Debug|x64
		{830F7AF6-A7C8-40EE-9DF2-CB5147484B9C}.Debug|x86.Build.0 = Debug|x64
		{830F7AF6-A7C8-40EE-9DF2-CB5147484B9C}.Release|x64.ActiveCfg = Debug|x64
		{830F7AF6-A7C8-40EE-9DF2-CB5147484B9C}.Release|x64.Build.0 = Debug|x64
		{830F7AF6-A7C8-40EE-9DF2-CB5147484B9C}.Release|x86.ActiveCfg = Debug|x64
		{830F7AF6-A7C8-40EE-9DF2-CB5147484B9C}.Release|x86.Build.0 = Debug|x64
		{15D59CE6-EB89-4AEE-A0A9-7052AFFC9C5C}.Debug|x64.ActiveCfg = Debug|x64
		{15D59CE6-EB89-4AEE-A0A9-7052AFFC9C5C}.Debug|x64.Build.0 = Debug|x64
		{15D59CE6-EB89-4AEE-A0A9-7052AFFC9C5C}.Debug|x86.ActiveCfg = Debug|x64
		{15D59CE6-EB89-4AEE-A0A9-7052AFFC9C5C}.Debug|x86.Build.0 = Debug|x64
		{15D59CE6-EB89-4AEE-A0A9-7052AFFC9C5C}.Release|x64.ActiveCfg = Debug|x64
		{15D59CE6-EB89-4AEE-A0A9-7052AFFC9C5C}.Release|x64.Build.0 = Debug|x64
		{15D59CE6-EB89-4AEE-A0A9-7052AFFC9C5C}.Release|x86.ActiveCfg = Debug|x64
		{15D59CE6-EB89-4AEE-A0A9-7052AFFC9C5C}.Release|x86.Build.0 = Debug|x64
		{80578F02-6844-4B49-A42C-9D4DF67D8802}.Debug|x64.ActiveCfg = Debug|x64
		{80578F02-6844-4B49-A42C-9D4DF67D8802}.Debug|x64.Build.0 = Debug|x64
		{80578F02-6844-4B49-A42C-9D4DF67D8802}.Debug|x86.ActiveCfg = Debug|x64
		{80578F02-6844-4B49-A42C-9D4DF67D8802}.Debug|x86.Build.0 = Debug|x64
		{80578F02-6844-4B49-A42C-9D4DF67D8802}.Release|x64.ActiveCfg = Debug|x64
		{80578F02-6844-4B49-A42C-9D4DF67D8802}.Release|x64.Build.0 = Debug|x64
		{80578F02-6844-4B49-A42C-9D4DF67D8802}.Release|x86.ActiveCfg = Debug|x64
		{80578F02-6844-4B49-A42C-9D4DF67D8802}.Release|x86.Build.0 = Debug|x64
		{7FA2C089-E522-4098-B9BF-1A45A163C834}.Debug|x64.ActiveCfg = Debug|x64
		{7FA2C089-E522-4098-B9BF-1A45A163C834}.Debug|x64.Build.0 = Debug|x64
		{7FA2C089-E522-4098-B9BF-1A45A163C834}.Debug|x86.ActiveCfg = Debug|x64
		{7FA2C089-E522-4098-B9BF-1A45A163C834}.Debug|x86.Build.0 = Debug|x64
		{7FA2C089-E522-4098-B9BF-1A45A163C834}.Release|x64.ActiveCfg = Debug|x64
		{7FA2C089-E522-4098-B9BF-1A45A163C834}.Release|x64.Build.0 = Debug|x64
		{7FA2C089-E522-4098-B9BF-1A45A163C834}.Release|x86.ActiveCfg = Debug|x64
		{7FA2C089-E522-4098-B9BF-1A45A163C834}.Release|x86.Build.0 = Debug|x64
		{5E072221-41FC-413E-8BFF-AA70A1EC715C}.Debug|x64.ActiveCfg = Debug|x64
		{5E072221-41FC-413E-8BFF-AA70A1EC715C}.Debug|x64.Build.0 = Debug|x64
		{5E072221-41FC-413E-8BFF-AA70A1EC715C}.Debug|x86.ActiveCfg = Debug|x64
		{5E072221-41FC-413E-8BFF-AA70A1EC715C}.Debug|x86.Build.0 = Debug|x64
		{5E072221-41FC-413E-8BFF-AA70A1EC715C}.Release|x64.ActiveCfg = Debug|x64
		{5E072221-41FC-413E-8BFF-AA70A1EC715C}.Release|x64.Build.0 = Debug|x64
		{5E072221-41FC-413E-8BFF-AA70A1EC715C}.Release|x86.ActiveCfg = Debug|x64
		{5E072221-41FC-413E-8BFF-AA70A1EC715C}.Release|x86.Build.0 = Debug|x64
		{754253B8-C131-45EC-8914-5936E5CC198E}.Debug|x64.ActiveCfg = Debug|x64
		{754253B8-C131-45EC-8914-5936E5CC198E}.Debug|x64.Build.0 = Debug|x64
		{754253B8-C131-45EC-8914-5936E5CC198E}.Debug|x86.ActiveCfg = Debug|x64
		{754253B8-C131-45EC-8914-5936E5CC198E}.Debug|x86.Build.0 = Debug|x64
		{754253B8-C131-45EC-8914-5936E5CC198E}.Release|x64.ActiveCfg = Debug|x64
		{754253B8-C131-45EC-8914-5936E5CC198E}.Release|x64.Build.0 = Debug|x64
		{754253B8-C131-45EC-8914-5936E5CC198E}.Release|x86.ActiveCfg = Debug|x64
		{754253B8-C131-45EC-8914-5936E5CC198E}.Release|x86.Build.0 = Debug|x64
		{7CBE9629-BC7A-41D6-A34B-2BE7C83E78E7}.Debug|x64.ActiveCfg = Debug|x64
		{7CBE9629-BC7A-41D6-A34B-2BE7C83E78E7}.Debug|x64.Build.0 = Debug|x64
		{7CBE9629-BC7A-41D6-A34B-2BE7C83E78E7}.Debug|x86.ActiveCfg = Debug|x64
		{7CBE9629-BC7A-41D6-A34B-2BE7C83E78E7}.Debug|x86.Build.0 = Debug|x64
		{7CBE9629-BC7A-41D6-A34B-2BE7C83E78E7}.Release|x64.ActiveCfg = Debug|x64
		{7CBE9629-BC7A-41D6-A34B-2BE7C83E78E7}.Release|x64.Build.0 = Debug|x64
		{7CBE9629-BC7A-41D6-A34B-2BE7C83E78E7}.Release|x86.ActiveCfg = Debug|x64
		{7CBE9629-BC7A-41D6-A34B-2BE7C83E78E7}.Release|x86.Build.0 = Debug|x64
		{A4B2A0A7-F659-4B18-903D-CD61BDB3DAA3}.Debug|x64.ActiveCfg = Debug|x64
		{A4B2A0A7-F659-4B18-903D-CD61BDB3DAA3}.Debug|x64.Build.0 = Debug|x64
		{A4B2A0A7-F659-4B18-903D-CD61BDB3DAA3}.Debug|x86.ActiveCfg = Debug|x64
		{A4B2A0A7-F659-4B18-903D-CD61BDB3DAA3}.Debug|x86.Build.0 = Debug|x64
		{A4B2A0A7-F659-4B18-903D-CD61BDB3DAA3}.Release|x64.ActiveCfg = Debug|x64
		{A4B2A0A7-F659-4B18-903D-CD61BDB3DAA3}.Release|x64.Build.0 = Debug|x64
		{A4B2A0A7-F659-4B18-903D-CD61BDB3DAA3}.Release|x86.ActiveCfg = Debug|x64
		{A4B2A0A7-F659-4B18-903D-CD61BDB3DAA3}.Release|x86.Build.0 = Debug|x64
		{CA3BEA00-B66A-4FEE-9D10-8D27A0BF44C3}.Debug|x64.ActiveCfg = Debug|x64
		{CA3BEA00-B66A-4FEE-9D10-8D27A0BF44C3}.Debug|x64.Build.0 = Debug|x64
		{CA3BEA00-B66A-4FEE-9D10-8D27A0BF44C3}.Debug|x86.ActiveCfg = Debug|x64
		{CA3BEA00-B66A-4FEE-9D10-8D27A0BF44C3}.Debug|x86.Build.0 = Debug|x64
		{CA3BEA00-B66A-4FEE-9D10-8D27A0BF44C3}.Release|x64.ActiveCfg = Debug|x64
		{CA3BEA00-B66A-4FEE-9D10-8D27A0BF44C3}.Release|x64.Build.0 = Debug|x64
		{CA3BEA00-B66A-4FEE-9D10-8D27A0BF44C3}.Release|x86.ActiveCfg = Debug|x64
		{CA3BEA00-B66A-4FEE-9D10-8D27A0BF44C3}.Release|x86.Build.0 = Debug|x64
		{FC3FA003-9A5B-47F6-A5CF-A40E21E85E8E}.Debug|x64.ActiveCfg = Debug|x64
		{FC3FA003-9A5B-47F6-A5CF-A40E21E85E8E}.Debug|x64.Build.0 = Debug|x64
		{FC3FA003-9A5B-47F6-A5CF-A40E21E85E8E}.Debug|x86.ActiveCfg = Debug|x64
		{FC3FA003-9A5B-47F6-A5CF-A40E21E85E8E}.Debug|x86.Build.0 = Debug|x64
		{FC3FA003-9A5B-47F6-A5CF-A40E21E85E8E}.Release|x64.ActiveCfg = Debug|x64
		{FC3FA003-9A5B-47F6-A5CF-A40E21E85E8E}.Release|x64.Build.0 = Debug|x64
		{FC3FA003-9A5B-47F6-A5CF-A40E21E85E8E}.Release|x86.ActiveCfg = Debug|x64
		{FC3FA003-9A5B-47F6-A5CF-A40E21E85E8E}.Release|x86.Build.0 = Debug|x64
		{609E54C0-E5B4-4EFF-8AEF-2537083B9090}.Debug|x64.ActiveCfg = Debug|x64
		{609E54C0-E5B4-4EFF-8AEF-2537083B9090}.Debug|x64.Build.0 = Debug|x64
		{609E54C0-E5B4-4EFF-8AEF-2537083B9090}.Debug|x86.ActiveCfg = Debug|x64
		{609E54C0-E5B4-4EFF-8AEF-2537083B9090}.Debug|x86.Build.0 = Debug|x64
		{609E54C0-E5B4-4EFF-8AEF-2537083B9090}.Release|x64.ActiveCfg = Debug|x64
		{609E54C0-E5B4-4EFF-8AEF-2537083B9090}.Release|x64.Build.0 = Debug|x64
		{609E54C0-E5B4-4EFF-8AEF-2537083B9090}.Release|x86.ActiveCfg = Debug|x64
		{609E54C0-E5B4-4EFF-8AEF-2537083B9090}.Release|x86.Build.0 = Debug|x64
		{082033AC-6C5A-4976-B3E7-8C5928C64CE2}.Debug|x64.ActiveCfg = Debug|x64
		{082033AC-6C5A-4976-B3E7-8C5928C64CE2}.Debug|x64.Build.0 = Debug|x64
		{082033AC-6C5A-4976-B3E7-8C5928C64CE2}.Debug|x86.ActiveCfg = Debug|x64
		{082033AC-6C5A-4976-B3E7-8C5928C64CE2}.Debug|x86.Build.0 = Debug|x64
		{082033AC-6C5A-4976-B3E7-8C5928C64CE2}.Release|x64.ActiveCfg = Debug|x64
		{082033AC-6C5A-4976-B3E7-8C5928C64CE2}.Release|x64.Build.0 = Debug|x64
		{082033AC-6C5A-4976-B3E7-8C5928C64CE2}.Release|x86.ActiveCfg = Debug|x64
		{082033AC-6C5A-4976-B3E7-8C5928C64CE2}.Release|x86.Build.0 = Debug|x64
		{34A873BE-CC98-486A-8AB0-147AEBC3BDAA}.Debug|x64.ActiveCfg = Debug|x64
		{34A873BE-CC98-486A-8AB0-147AEBC3BDAA}.Debug|x64.Build.0 = Debug|x64
		{34A873BE-CC98-486A-8AB0-147AEBC3BDAA}.Debug|x86.ActiveCfg = Debug|x64
		{34A873BE-CC98-486A-8AB0-147AEBC3BDAA}.Debug|x86.Build.0 = Debug|x64
		{34A873BE-CC98-486A-8AB0-147AEBC3BDAA}.Release|x64.ActiveCfg = Debug|x64
		{34A873BE-CC98-486A-8AB0-147AEBC3BDAA}.Release|x64.Build.0 = Debug|x64
		{34A873BE-CC98-486A-8AB0-147AEBC3BDAA}.Release|x86.ActiveCfg = Debug|x64
		{34A873BE-CC98-486A-8AB0-147AEBC3BDAA}.Release|x86.Build.0 = Debug|x64
		{DA7C8830-7E67-4B47-B272-849FD3106D15}.Debug|x64.ActiveCfg = Debug|x64
		{DA7C8830-7E67-4B47-B272-849FD3106D15}.Debug|x64.Build.0 = Debug|x64
		{DA7C8830-7E67-4B47-B272-849FD3106D15}.Debug|x86.ActiveCfg = Debug|x64
		{DA7C8830-7E67-4B47-B272-849FD3106D15}.Debug|x86.Build.0 = Debug|x64
		{DA7C8830-7E67-4B47-B272-849FD3106D15}.Release|x64.ActiveCfg = Debug|x64
		{DA7C8830-7E67-4B47-B272-849FD3106D15}.Release|x64.Build.0 = Debug|x64
		{DA7C8830-7E67-4B47-B272-849FD3106D15}.Release|x86.ActiveCfg = Debug|x64
		{DA7C8830-7E67-4B47-B272-849FD3106D15}.Release|x86.Build.0 = Debug|x64
		{395E3849-D8BB-4226-BCF0-EEA188AD617A}.Debug|x64.ActiveCfg = Debug|x64
		{395E3849-D8BB-4226-BCF0-EEA188AD617A}.Debug|x64.Build.0 = Debug|x64
		{395E3849-D8BB-4226-BCF0-EEA188AD617A}.Debug|x86.ActiveCfg = Debug|x64
		{395E3849-D8BB-4226-BCF0-EEA188AD617A}.Debug|x86.Build.0 = Debug|x64
		{395E3849-D8BB-4226-BCF0-EEA188AD617A}.Release|x64.ActiveCfg = Debug|x64
		{395E3849-D8BB-4226-BCF0-EEA188AD617A}.Release|x64.Build.0 = Debug|x64
		{395E3849-D8BB-4226-BCF0-EEA188AD617A}.Release|x86.ActiveCfg = Debug|x64
		{395E3849-D8BB-4226-BCF0-EEA188AD617A}.Release|x86.Build.0 = Debug|x64
		{A5ED3B58-D73D-48FA-BD9A-921188C0F931}.Debug|x64.ActiveCfg = Debug|x64
		{A5ED3B58-D73D-48FA-BD9A-921188C0F931}.Debug|x64.Build.0 = Debug|x64
		{A5ED3B58-D73D-48FA-BD9A-921188C0F931}.Debug|x86.ActiveCfg = Debug|x64
		{A5ED3B58-D73D-48FA-BD9A-921188C0F931}.Debug|x86.Build.0 = Debug|x64
		{A5ED3B58-D73D-48FA-BD9A-921188C0F931}.Release|x64.ActiveCfg = Debug|x64
		{A5ED3B58-D73D-48FA-BD9A-921188C0F931}.Release|x64.Build.0 = Debug|x64
		{A5ED3B58-D73D-48FA-BD9A-921188C0F931}.Release|x86.ActiveCfg = Debug|x64
		{A5ED3B58-D73D-48FA-BD9A-921188C0F931}.Release|x86.Build.0 = Debug|x64
		{3330AF42-F726-4550-A87E-0F09D8B37D9B}.Debug|x64.ActiveCfg = Debug|x64
		{3330AF42-F726-4550-A87E-0F09D8B37D9B}.Debug|x64.Build.0 = Debug|x64
		{3330AF42-F726-4550-A87E-0F09D8B37D9B}.Debug|x86.ActiveCfg = Debug|x64
		{3330AF42-F726-4550-A87E-0F09D8B37D9B}.Debug|x86.Build.0 = Debug|x64
		{3330AF42-F726-4550-A87E-0F09D8B37D9B}.Release|x64.ActiveCfg = Debug|x64
		{3330AF42-F726-4550-A87E-0F09D8B37D9B}.Release|x64.Build.0 = Debug|x64
		{3330AF42-F726-4550-A87E-0F09D8B37D9B}.Release|x86.ActiveCfg = Debug|x64
		{3330AF42-F726-4550-A87E-0F09D8B37D9B}.Release|x86.Build.0 = Debug|x64
		{C533FBDE-C761-47E6-8276-E27D9EF88A5E}.Debug|x64.ActiveCfg = Debug|x64
		{C533FBDE-C761-47E6-8276-E27D9EF88A5E}.Debug|x64.Build.0 = Debug|x64
		{C533FBDE-C761-47E6-8276-E27D9EF88A5E}.Debug|x86.ActiveCfg = Debug|Win32
		{C533FBDE-C761-47E6-8276-E27D9EF88A5E}.Debug|x86.Build.0 = Debug|Win32
		{C533FBDE-C761-47E6-8276-E27D9EF88A5E}.Release|x64.ActiveCfg = Release|x64
		{C533FBDE-C761-47E6-8276-E27D9EF88A5E}.Release|x64.Build.0 = Release|x64
		{C533FBDE-C761-47E6-8276-E27D9EF88A5E}.Release|x86.ActiveCfg = Release|Win32
		{C533FBDE-C761-47E6-8276-E27D9EF88A5E}.Release|x86.Build.0 = Release|Win32
		{30A10D74-D9C7-4709-B88F-D8C7A015ADA4}.Debug|x64.ActiveCfg = Debug|x64
		{30A10D74-D9C7-4709-B88F-D8C7A015ADA4}.Debug|x64.Build.0 = Debug|x64
		{30A10D74-D9C7-4709-B88F-D8C7A015ADA4}.Debug|x86.ActiveCfg = Debug|x64
		{30A10D74-D9C7-4709-B88F-D8C7A015ADA4}.Debug|x86.Build.0 = Debug|x64
		{30A10D74-D9C7-4709-B88F-D8C7A015ADA4}.Release|x64.ActiveCfg = Debug|x64
		{30A10D74-D9C7-4709-B88F-D8C7A015ADA4}.Release|x64.Build.0 = Debug|x64
		{30A10D74-D9C7-4709-B88F-D8C7A015ADA4}.Release|x86.ActiveCfg = Debug|x64
		{30A10D74-D9C7-4709-B88F-D8C7A015ADA4}.Release|x86.Build.0 = Debug|x64
		{48B82E05-AC93-4F72-BAC1-71D468675DC8}.Debug|x64.ActiveCfg = Debug|x64
		{48B82E05-AC93-4F72-BAC1-71D468675DC8}.Debug|x64.Build.0 = Debug|x64
		{48B82E05-AC93-4F72-BAC1-71D468675DC8}.Debug|x86.ActiveCfg = Debug|x64
		{48B82E05-AC93-4F72-BAC1-71D468675DC8}.Debug|x86.Build.0 = Debug|x64
		{48B82E05-AC93-4F72-BAC1-71D468675DC8}.Release|x64.ActiveCfg = Debug|x64
		{48B82E05-AC93-4F72-BAC1-71D468675DC8}.Release|x64.Build.0 = Debug|x64
		{48B82E05-AC93-4F72-BAC1-71D468675DC8}.Release|x86.ActiveCfg = Debug|x64
		{48B82E05-AC93-4F72-BAC1-71D468675DC8}.Release|x86.Build.0 = Debug|x64
	EndGlobalSection
	GlobalSection(SolutionProperties) = preSolution
		HideSolutionNode = FALSE
	EndGlobalSection
	GlobalSection(NestedProjects) = preSolution
		{830F7AF6-A7C8-40EE-9DF2-CB5147484B9C} = {45CA2169-BE61-4FFB-A389-D9E88F05920D}
		{61EBA249-19F3-48B6-A25B-A4CEE90168BA} = {45CA2169-BE61-4FFB-A389-D9E88F05920D}
		{15D59CE6-EB89-4AEE-A0A9-7052AFFC9C5C} = {C3C0E784-21DB-41D9-8CDF-BD4F0316CEAF}
		{80578F02-6844-4B49-A42C-9D4DF67D8802} = {45CA2169-BE61-4FFB-A389-D9E88F05920D}
		{7FA2C089-E522-4098-B9BF-1A45A163C834} = {45CA2169-BE61-4FFB-A389-D9E88F05920D}
		{5E072221-41FC-413E-8BFF-AA70A1EC715C} = {45CA2169-BE61-4FFB-A389-D9E88F05920D}
		{754253B8-C131-45EC-8914-5936E5CC198E} = {F2564B34-516A-4D6F-BB94-30AD7ADF84AA}
		{7CBE9629-BC7A-41D6-A34B-2BE7C83E78E7} = {45CA2169-BE61-4FFB-A389-D9E88F05920D}
		{A4B2A0A7-F659-4B18-903D-CD61BDB3DAA3} = {45CA2169-BE61-4FFB-A389-D9E88F05920D}
		{CA3BEA00-B66A-4FEE-9D10-8D27A0BF44C3} = {C3C0E784-21DB-41D9-8CDF-BD4F0316CEAF}
		{FC3FA003-9A5B-47F6-A5CF-A40E21E85E8E} = {45CA2169-BE61-4FFB-A389-D9E88F05920D}
		{609E54C0-E5B4-4EFF-8AEF-2537083B9090} = {45CA2169-BE61-4FFB-A389-D9E88F05920D}
		{082033AC-6C5A-4976-B3E7-8C5928C64CE2} = {45CA2169-BE61-4FFB-A389-D9E88F05920D}
		{34A873BE-CC98-486A-8AB0-147AEBC3BDAA} = {45CA2169-BE61-4FFB-A389-D9E88F05920D}
		{681A6FE3-2357-4B6B-9E57-8FE06FF72865} = {45CA2169-BE61-4FFB-A389-D9E88F05920D}
		{DA7C8830-7E67-4B47-B272-849FD3106D15} = {95BFA077-3B15-419D-A3EF-9CDF4BDC2C6B}
		{347B7D9D-4D7A-44B2-B798-B74529661EE5} = {95BFA077-3B15-419D-A3EF-9CDF4BDC2C6B}
		{395E3849-D8BB-4226-BCF0-EEA188AD617A} = {45CA2169-BE61-4FFB-A389-D9E88F05920D}
		{A5ED3B58-D73D-48FA-BD9A-921188C0F931} = {45CA2169-BE61-4FFB-A389-D9E88F05920D}
		{3330AF42-F726-4550-A87E-0F09D8B37D9B} = {F2564B34-516A-4D6F-BB94-30AD7ADF84AA}
		{C533FBDE-C761-47E6-8276-E27D9EF88A5E} = {4AAAEA48-9E7E-4288-853F-A75B580DBADC}
		{30A10D74-D9C7-4709-B88F-D8C7A015ADA4} = {45CA2169-BE61-4FFB-A389-D9E88F05920D}
		{48B82E05-AC93-4F72-BAC1-71D468675DC8} = {F2564B34-516A-4D6F-BB94-30AD7ADF84AA}
	EndGlobalSection
	GlobalSection(ExtensibilityGlobals) = postSolution
		SolutionGuid = {5F261BFD-DE92-4F2C-99FC-71989B6008BF}
	EndGlobalSection
	GlobalSection(SharedMSBuildProjectFiles) = preSolution
		JSharedUtils\JSharedUtils.projitems*{082033ac-6c5a-4976-b3e7-8c5928c64ce2}*SharedItemsImports = 4
		JSharedUtils\JSharedUtils.projitems*{15d59ce6-eb89-4aee-a0a9-7052affc9c5c}*SharedItemsImports = 4
		JSharedUtils\JSharedUtils.projitems*{30a10d74-d9c7-4709-b88f-d8c7a015ada4}*SharedItemsImports = 4
		JSharedUtils\JSharedUtils.projitems*{3330af42-f726-4550-a87e-0f09d8b37d9b}*SharedItemsImports = 4
		Z80Emulator\Z80Emulator.projitems*{347b7d9d-4d7a-44b2-b798-b74529661ee5}*SharedItemsImports = 13
		8080Emulator\8080Emulator.projitems*{34a873be-cc98-486a-8ab0-147aebc3bdaa}*SharedItemsImports = 4
		JSharedUtils\JSharedUtils.projitems*{34a873be-cc98-486a-8ab0-147aebc3bdaa}*SharedItemsImports = 4
		JSharedUtils\JSharedUtils.projitems*{395e3849-d8bb-4226-bcf0-eea188ad617a}*SharedItemsImports = 4
		JSharedUtils\JSharedUtils.projitems*{48b82e05-ac93-4f72-bac1-71d468675dc8}*SharedItemsImports = 4
		JSharedUtils\JSharedUtils.projitems*{5e072221-41fc-413e-8bff-aa70a1ec715c}*SharedItemsImports = 4
		JSharedUtils\JSharedUtils.projitems*{609e54c0-e5b4-4eff-8aef-2537083b9090}*SharedItemsImports = 4
		JSharedUtils\JSharedUtils.projitems*{61eba249-19f3-48b6-a25b-a4cee90168ba}*SharedItemsImports = 13
		8080Emulator\8080Emulator.projitems*{681a6fe3-2357-4b6b-9e57-8fe06ff72865}*SharedItemsImports = 13
		JSharedUtils\JSharedUtils.projitems*{754253b8-c131-45ec-8914-5936e5cc198e}*SharedItemsImports = 4
		JSharedUtils\JSharedUtils.projitems*{7cbe9629-bc7a-41d6-a34b-2be7c83e78e7}*SharedItemsImports = 4
		JSharedUtils\JSharedUtils.projitems*{7fa2c089-e522-4098-b9bf-1a45a163c834}*SharedItemsImports = 4
		JSharedUtils\JSharedUtils.projitems*{80578f02-6844-4b49-a42c-9d4df67d8802}*SharedItemsImports = 4
		JSharedUtils\JSharedUtils.projitems*{830f7af6-a7c8-40ee-9df2-cb5147484b9c}*SharedItemsImports = 4
		JSharedUtils\JSharedUtils.projitems*{a4b2a0a7-f659-4b18-903d-cd61bdb3daa3}*SharedItemsImports = 4
		JSharedUtils\JSharedUtils.projitems*{a5ed3b58-d73d-48fa-bd9a-921188c0f931}*SharedItemsImports = 4
		JSharedUtils\JSharedUtils.projitems*{ca3bea00-b66a-4fee-9d10-8d27a0bf44c3}*SharedItemsImports = 4
		JSharedUtils\JSharedUtils.projitems*{da7c8830-7e67-4b47-b272-849fd3106d15}*SharedItemsImports = 4
		Z80Emulator\Z80Emulator.projitems*{da7c8830-7e67-4b47-b272-849fd3106d15}*SharedItemsImports = 4
		JSharedUtils\JSharedUtils.projitems*{fc3fa003-9a5b-47f6-a5cf-a40e21e85e8e}*SharedItemsImports = 4
	EndGlobalSection
EndGlobal
